// !$*UTF8*$!
{
	archiveVersion = 1;
	classes = {
	};
	objectVersion = 56;
	objects = {

/* Begin PBXBuildFile section */
		750D2BD32B35CC4A00A88D81 /* IMagesSelectViewController.swift in Sources */ = {isa = PBXBuildFile; fileRef = 750D2BD22B35CC4A00A88D81 /* IMagesSelectViewController.swift */; };
		754134C22B5578620041645D /* FavoritedViewController.swift in Sources */ = {isa = PBXBuildFile; fileRef = 754134C12B5578620041645D /* FavoritedViewController.swift */; };
		754134C42B5592230041645D /* FavoritCollectionViewCell.swift in Sources */ = {isa = PBXBuildFile; fileRef = 754134C32B5592230041645D /* FavoritCollectionViewCell.swift */; };
		755898902B568FD00093EB69 /* UserDefaultData.swift in Sources */ = {isa = PBXBuildFile; fileRef = 7558988F2B568FD00093EB69 /* UserDefaultData.swift */; };
		755EC51D2B60001A00CB0AB3 /* FavoriteARDrawing.swift in Sources */ = {isa = PBXBuildFile; fileRef = 755EC51C2B60001A00CB0AB3 /* FavoriteARDrawing.swift */; };
		755EC5202B600CBE00CB0AB3 /* ARModel.xcdatamodeld in Sources */ = {isa = PBXBuildFile; fileRef = 755EC51E2B600CBE00CB0AB3 /* ARModel.xcdatamodeld */; };
		756314E32B34992D0099BF10 /* LessonUI.storyboard in Resources */ = {isa = PBXBuildFile; fileRef = 756314E22B34992D0099BF10 /* LessonUI.storyboard */; };
		756DB13D2B3ABA8E0098627B /* LessonTabelViewController.swift in Sources */ = {isa = PBXBuildFile; fileRef = 756DB13C2B3ABA8E0098627B /* LessonTabelViewController.swift */; };
		7571C8612B4571B1004579FB /* VIEWViewController.swift in Sources */ = {isa = PBXBuildFile; fileRef = 7571C8602B4571B1004579FB /* VIEWViewController.swift */; };
		7571C8632B459B6B004579FB /* ViewAllCollectionViewCell.swift in Sources */ = {isa = PBXBuildFile; fileRef = 7571C8622B459B6B004579FB /* ViewAllCollectionViewCell.swift */; };
		757A31192B3D530000CAD70E /* MyCollectionViewCell.swift in Sources */ = {isa = PBXBuildFile; fileRef = 757A31182B3D530000CAD70E /* MyCollectionViewCell.swift */; };
		757A311B2B3D53A100CAD70E /* ViewImageHome.swift in Sources */ = {isa = PBXBuildFile; fileRef = 757A311A2B3D53A100CAD70E /* ViewImageHome.swift */; };
		757A311D2B3D542B00CAD70E /* MyCollectionViewCell2.swift in Sources */ = {isa = PBXBuildFile; fileRef = 757A311C2B3D542B00CAD70E /* MyCollectionViewCell2.swift */; };
		757A311F2B3D557800CAD70E /* ImageViewController.swift in Sources */ = {isa = PBXBuildFile; fileRef = 757A311E2B3D557800CAD70E /* ImageViewController.swift */; };
		757A31212B3D576A00CAD70E /* ImageModels.swift in Sources */ = {isa = PBXBuildFile; fileRef = 757A31202B3D576A00CAD70E /* ImageModels.swift */; };
		757A31232B3D57EC00CAD70E /* ImageData.swift in Sources */ = {isa = PBXBuildFile; fileRef = 757A31222B3D57EC00CAD70E /* ImageData.swift */; };
		757A31252B3DA65400CAD70E /* VideoViewController.swift in Sources */ = {isa = PBXBuildFile; fileRef = 757A31242B3DA65400CAD70E /* VideoViewController.swift */; };
		757A31292B3DBD6900CAD70E /* CameraViewController.swift in Sources */ = {isa = PBXBuildFile; fileRef = 757A31282B3DBD6900CAD70E /* CameraViewController.swift */; };
		758392032B3A07D10029B8BE /* CustomTableViewCell.swift in Sources */ = {isa = PBXBuildFile; fileRef = 758392022B3A07D10029B8BE /* CustomTableViewCell.swift */; };
		759531CD2B2CABB700CD53CD /* AppDelegate.swift in Sources */ = {isa = PBXBuildFile; fileRef = 759531CC2B2CABB700CD53CD /* AppDelegate.swift */; };
		759531CF2B2CABB700CD53CD /* SceneDelegate.swift in Sources */ = {isa = PBXBuildFile; fileRef = 759531CE2B2CABB700CD53CD /* SceneDelegate.swift */; };
		759531D12B2CABB700CD53CD /* ViewController.swift in Sources */ = {isa = PBXBuildFile; fileRef = 759531D02B2CABB700CD53CD /* ViewController.swift */; };
		759531D42B2CABB700CD53CD /* Main.storyboard in Resources */ = {isa = PBXBuildFile; fileRef = 759531D22B2CABB700CD53CD /* Main.storyboard */; };
		759531D62B2CABB900CD53CD /* Assets.xcassets in Resources */ = {isa = PBXBuildFile; fileRef = 759531D52B2CABB900CD53CD /* Assets.xcassets */; };
		759531D92B2CABB900CD53CD /* LaunchScreen.storyboard in Resources */ = {isa = PBXBuildFile; fileRef = 759531D72B2CABB900CD53CD /* LaunchScreen.storyboard */; };
		759531E42B2CABB900CD53CD /* ARDrawingProjectTests.swift in Sources */ = {isa = PBXBuildFile; fileRef = 759531E32B2CABB900CD53CD /* ARDrawingProjectTests.swift */; };
		759531EE2B2CABB900CD53CD /* ARDrawingProjectUITests.swift in Sources */ = {isa = PBXBuildFile; fileRef = 759531ED2B2CABB900CD53CD /* ARDrawingProjectUITests.swift */; };
		759531F02B2CABB900CD53CD /* ARDrawingProjectUITestsLaunchTests.swift in Sources */ = {isa = PBXBuildFile; fileRef = 759531EF2B2CABB900CD53CD /* ARDrawingProjectUITestsLaunchTests.swift */; };
		759531FD2B2CAC8100CD53CD /* DashBoard.storyboard in Resources */ = {isa = PBXBuildFile; fileRef = 759531FC2B2CAC8100CD53CD /* DashBoard.storyboard */; };
		759531FF2B2CACD600CD53CD /* DashBoardViewController.swift in Sources */ = {isa = PBXBuildFile; fileRef = 759531FE2B2CACD600CD53CD /* DashBoardViewController.swift */; };
		75AC3CD72B444AB300EF5FB0 /* ViewAllViewController.swift in Sources */ = {isa = PBXBuildFile; fileRef = 75AC3CD62B444AB300EF5FB0 /* ViewAllViewController.swift */; };
		75AFDEF82B3C00E000B3D656 /* ImageCollectionViewCell.swift in Sources */ = {isa = PBXBuildFile; fileRef = 75AFDEF72B3C00E000B3D656 /* ImageCollectionViewCell.swift */; };
		75AFDEFC2B3C23DA00B3D656 /* SelectImageViewController.swift in Sources */ = {isa = PBXBuildFile; fileRef = 75AFDEFB2B3C23DA00B3D656 /* SelectImageViewController.swift */; };
		75AFDF002B3C327000B3D656 /* SelectCollectionViewCell.swift in Sources */ = {isa = PBXBuildFile; fileRef = 75AFDEFF2B3C327000B3D656 /* SelectCollectionViewCell.swift */; };
		75B0468E2B334200004611DE /* TestStoryBoard.storyboard in Resources */ = {isa = PBXBuildFile; fileRef = 75B0468D2B334200004611DE /* TestStoryBoard.storyboard */; };
		75B718FB2B35B397005B4C17 /* SelectImage.storyboard in Resources */ = {isa = PBXBuildFile; fileRef = 75B718FA2B35B397005B4C17 /* SelectImage.storyboard */; };
		75B718FF2B35C9FF005B4C17 /* IMagesSelect.storyboard in Resources */ = {isa = PBXBuildFile; fileRef = 75B718FE2B35C9FF005B4C17 /* IMagesSelect.storyboard */; };
		75BB000A2B5EC6340056CC64 /* CustomTabViewController.swift in Sources */ = {isa = PBXBuildFile; fileRef = 75BB00092B5EC6340056CC64 /* CustomTabViewController.swift */; };
		75D030FE2B429131002871BA /* TextViewCollectionViewCell.swift in Sources */ = {isa = PBXBuildFile; fileRef = 75D030FD2B429131002871BA /* TextViewCollectionViewCell.swift */; };
		75D031002B42973C002871BA /* TextLabel.swift in Sources */ = {isa = PBXBuildFile; fileRef = 75D030FF2B42973C002871BA /* TextLabel.swift */; };
		75D031032B42FAD1002871BA /* TryProViewController.swift in Sources */ = {isa = PBXBuildFile; fileRef = 75D031022B42FAD1002871BA /* TryProViewController.swift */; };
		75D031052B43052B002871BA /* ProfileViewController.swift in Sources */ = {isa = PBXBuildFile; fileRef = 75D031042B43052B002871BA /* ProfileViewController.swift */; };
		75D9CB062B616BF600C2829C /* ARDrawing+CoreDataClass.swift in Sources */ = {isa = PBXBuildFile; fileRef = 75D9CB042B616BF600C2829C /* ARDrawing+CoreDataClass.swift */; };
		75D9CB072B616BF600C2829C /* ARDrawing+CoreDataProperties.swift in Sources */ = {isa = PBXBuildFile; fileRef = 75D9CB052B616BF600C2829C /* ARDrawing+CoreDataProperties.swift */; };
		75E201AA2B3F173400C4B98D /* ViewControllerVideo.swift in Sources */ = {isa = PBXBuildFile; fileRef = 75E201A92B3F173400C4B98D /* ViewControllerVideo.swift */; };
		75E39C052B3ACFFC00E03EBB /* ContinueViewController.swift in Sources */ = {isa = PBXBuildFile; fileRef = 75E39C042B3ACFFC00E03EBB /* ContinueViewController.swift */; };
		75E39C072B3B115200E03EBB /* ButtonFont.swift in Sources */ = {isa = PBXBuildFile; fileRef = 75E39C062B3B115200E03EBB /* ButtonFont.swift */; };
		75EC170A2B4EE54C0077BA4F /* CustomCamereViewController.swift in Sources */ = {isa = PBXBuildFile; fileRef = 75EC17092B4EE54C0077BA4F /* CustomCamereViewController.swift */; };
		75EF55A12B40917E00436782 /* TextViewController.swift in Sources */ = {isa = PBXBuildFile; fileRef = 75EF55A02B40917E00436782 /* TextViewController.swift */; };
/* End PBXBuildFile section */

/* Begin PBXContainerItemProxy section */
		759531E02B2CABB900CD53CD /* PBXContainerItemProxy */ = {
			isa = PBXContainerItemProxy;
			containerPortal = 759531C12B2CABB700CD53CD /* Project object */;
			proxyType = 1;
			remoteGlobalIDString = 759531C82B2CABB700CD53CD;
			remoteInfo = ARDrawingProject;
		};
		759531EA2B2CABB900CD53CD /* PBXContainerItemProxy */ = {
			isa = PBXContainerItemProxy;
			containerPortal = 759531C12B2CABB700CD53CD /* Project object */;
			proxyType = 1;
			remoteGlobalIDString = 759531C82B2CABB700CD53CD;
			remoteInfo = ARDrawingProject;
		};
/* End PBXContainerItemProxy section */

/* Begin PBXFileReference section */
		750D2BD22B35CC4A00A88D81 /* IMagesSelectViewController.swift */ = {isa = PBXFileReference; lastKnownFileType = sourcecode.swift; path = IMagesSelectViewController.swift; sourceTree = "<group>"; };
		754134C12B5578620041645D /* FavoritedViewController.swift */ = {isa = PBXFileReference; lastKnownFileType = sourcecode.swift; path = FavoritedViewController.swift; sourceTree = "<group>"; };
		754134C32B5592230041645D /* FavoritCollectionViewCell.swift */ = {isa = PBXFileReference; lastKnownFileType = sourcecode.swift; path = FavoritCollectionViewCell.swift; sourceTree = "<group>"; };
		7558988F2B568FD00093EB69 /* UserDefaultData.swift */ = {isa = PBXFileReference; lastKnownFileType = sourcecode.swift; path = UserDefaultData.swift; sourceTree = "<group>"; };
		755EC51C2B60001A00CB0AB3 /* FavoriteARDrawing.swift */ = {isa = PBXFileReference; lastKnownFileType = sourcecode.swift; path = FavoriteARDrawing.swift; sourceTree = "<group>"; };
		755EC51F2B600CBE00CB0AB3 /* ARModel.xcdatamodel */ = {isa = PBXFileReference; lastKnownFileType = wrapper.xcdatamodel; path = ARModel.xcdatamodel; sourceTree = "<group>"; };
		756314E22B34992D0099BF10 /* LessonUI.storyboard */ = {isa = PBXFileReference; lastKnownFileType = file.storyboard; path = LessonUI.storyboard; sourceTree = "<group>"; };
		756DB13C2B3ABA8E0098627B /* LessonTabelViewController.swift */ = {isa = PBXFileReference; lastKnownFileType = sourcecode.swift; path = LessonTabelViewController.swift; sourceTree = "<group>"; };
		7571C8602B4571B1004579FB /* VIEWViewController.swift */ = {isa = PBXFileReference; lastKnownFileType = sourcecode.swift; path = VIEWViewController.swift; sourceTree = "<group>"; };
		7571C8622B459B6B004579FB /* ViewAllCollectionViewCell.swift */ = {isa = PBXFileReference; lastKnownFileType = sourcecode.swift; path = ViewAllCollectionViewCell.swift; sourceTree = "<group>"; };
		757A31182B3D530000CAD70E /* MyCollectionViewCell.swift */ = {isa = PBXFileReference; lastKnownFileType = sourcecode.swift; path = MyCollectionViewCell.swift; sourceTree = "<group>"; };
		757A311A2B3D53A100CAD70E /* ViewImageHome.swift */ = {isa = PBXFileReference; lastKnownFileType = sourcecode.swift; path = ViewImageHome.swift; sourceTree = "<group>"; };
		757A311C2B3D542B00CAD70E /* MyCollectionViewCell2.swift */ = {isa = PBXFileReference; lastKnownFileType = sourcecode.swift; path = MyCollectionViewCell2.swift; sourceTree = "<group>"; };
		757A311E2B3D557800CAD70E /* ImageViewController.swift */ = {isa = PBXFileReference; lastKnownFileType = sourcecode.swift; path = ImageViewController.swift; sourceTree = "<group>"; };
		757A31202B3D576A00CAD70E /* ImageModels.swift */ = {isa = PBXFileReference; lastKnownFileType = sourcecode.swift; path = ImageModels.swift; sourceTree = "<group>"; };
		757A31222B3D57EC00CAD70E /* ImageData.swift */ = {isa = PBXFileReference; lastKnownFileType = sourcecode.swift; path = ImageData.swift; sourceTree = "<group>"; };
		757A31242B3DA65400CAD70E /* VideoViewController.swift */ = {isa = PBXFileReference; lastKnownFileType = sourcecode.swift; path = VideoViewController.swift; sourceTree = "<group>"; };
		757A31282B3DBD6900CAD70E /* CameraViewController.swift */ = {isa = PBXFileReference; lastKnownFileType = sourcecode.swift; path = CameraViewController.swift; sourceTree = "<group>"; };
		758392022B3A07D10029B8BE /* CustomTableViewCell.swift */ = {isa = PBXFileReference; lastKnownFileType = sourcecode.swift; path = CustomTableViewCell.swift; sourceTree = "<group>"; };
		759531C92B2CABB700CD53CD /* ARDrawingProject.app */ = {isa = PBXFileReference; explicitFileType = wrapper.application; includeInIndex = 0; path = ARDrawingProject.app; sourceTree = BUILT_PRODUCTS_DIR; };
		759531CC2B2CABB700CD53CD /* AppDelegate.swift */ = {isa = PBXFileReference; lastKnownFileType = sourcecode.swift; path = AppDelegate.swift; sourceTree = "<group>"; };
		759531CE2B2CABB700CD53CD /* SceneDelegate.swift */ = {isa = PBXFileReference; lastKnownFileType = sourcecode.swift; path = SceneDelegate.swift; sourceTree = "<group>"; };
		759531D02B2CABB700CD53CD /* ViewController.swift */ = {isa = PBXFileReference; lastKnownFileType = sourcecode.swift; path = ViewController.swift; sourceTree = "<group>"; };
		759531D32B2CABB700CD53CD /* Base */ = {isa = PBXFileReference; lastKnownFileType = file.storyboard; name = Base; path = Base.lproj/Main.storyboard; sourceTree = "<group>"; };
		759531D52B2CABB900CD53CD /* Assets.xcassets */ = {isa = PBXFileReference; lastKnownFileType = folder.assetcatalog; path = Assets.xcassets; sourceTree = "<group>"; };
		759531D82B2CABB900CD53CD /* Base */ = {isa = PBXFileReference; lastKnownFileType = file.storyboard; name = Base; path = Base.lproj/LaunchScreen.storyboard; sourceTree = "<group>"; };
		759531DA2B2CABB900CD53CD /* Info.plist */ = {isa = PBXFileReference; lastKnownFileType = text.plist.xml; path = Info.plist; sourceTree = "<group>"; };
		759531DF2B2CABB900CD53CD /* ARDrawingProjectTests.xctest */ = {isa = PBXFileReference; explicitFileType = wrapper.cfbundle; includeInIndex = 0; path = ARDrawingProjectTests.xctest; sourceTree = BUILT_PRODUCTS_DIR; };
		759531E32B2CABB900CD53CD /* ARDrawingProjectTests.swift */ = {isa = PBXFileReference; lastKnownFileType = sourcecode.swift; path = ARDrawingProjectTests.swift; sourceTree = "<group>"; };
		759531E92B2CABB900CD53CD /* ARDrawingProjectUITests.xctest */ = {isa = PBXFileReference; explicitFileType = wrapper.cfbundle; includeInIndex = 0; path = ARDrawingProjectUITests.xctest; sourceTree = BUILT_PRODUCTS_DIR; };
		759531ED2B2CABB900CD53CD /* ARDrawingProjectUITests.swift */ = {isa = PBXFileReference; lastKnownFileType = sourcecode.swift; path = ARDrawingProjectUITests.swift; sourceTree = "<group>"; };
		759531EF2B2CABB900CD53CD /* ARDrawingProjectUITestsLaunchTests.swift */ = {isa = PBXFileReference; lastKnownFileType = sourcecode.swift; path = ARDrawingProjectUITestsLaunchTests.swift; sourceTree = "<group>"; };
		759531FC2B2CAC8100CD53CD /* DashBoard.storyboard */ = {isa = PBXFileReference; lastKnownFileType = file.storyboard; path = DashBoard.storyboard; sourceTree = "<group>"; };
		759531FE2B2CACD600CD53CD /* DashBoardViewController.swift */ = {isa = PBXFileReference; lastKnownFileType = sourcecode.swift; path = DashBoardViewController.swift; sourceTree = "<group>"; };
		75AC3CD62B444AB300EF5FB0 /* ViewAllViewController.swift */ = {isa = PBXFileReference; lastKnownFileType = sourcecode.swift; path = ViewAllViewController.swift; sourceTree = "<group>"; };
		75AFDEF72B3C00E000B3D656 /* ImageCollectionViewCell.swift */ = {isa = PBXFileReference; lastKnownFileType = sourcecode.swift; path = ImageCollectionViewCell.swift; sourceTree = "<group>"; };
		75AFDEFB2B3C23DA00B3D656 /* SelectImageViewController.swift */ = {isa = PBXFileReference; lastKnownFileType = sourcecode.swift; path = SelectImageViewController.swift; sourceTree = "<group>"; };
		75AFDEFF2B3C327000B3D656 /* SelectCollectionViewCell.swift */ = {isa = PBXFileReference; lastKnownFileType = sourcecode.swift; path = SelectCollectionViewCell.swift; sourceTree = "<group>"; };
		75B0468D2B334200004611DE /* TestStoryBoard.storyboard */ = {isa = PBXFileReference; lastKnownFileType = file.storyboard; path = TestStoryBoard.storyboard; sourceTree = "<group>"; };
		75B718FA2B35B397005B4C17 /* SelectImage.storyboard */ = {isa = PBXFileReference; lastKnownFileType = file.storyboard; path = SelectImage.storyboard; sourceTree = "<group>"; };
		75B718FE2B35C9FF005B4C17 /* IMagesSelect.storyboard */ = {isa = PBXFileReference; lastKnownFileType = file.storyboard; path = IMagesSelect.storyboard; sourceTree = "<group>"; };
		75BB00092B5EC6340056CC64 /* CustomTabViewController.swift */ = {isa = PBXFileReference; lastKnownFileType = sourcecode.swift; path = CustomTabViewController.swift; sourceTree = "<group>"; };
		75D030FD2B429131002871BA /* TextViewCollectionViewCell.swift */ = {isa = PBXFileReference; lastKnownFileType = sourcecode.swift; path = TextViewCollectionViewCell.swift; sourceTree = "<group>"; };
		75D030FF2B42973C002871BA /* TextLabel.swift */ = {isa = PBXFileReference; lastKnownFileType = sourcecode.swift; path = TextLabel.swift; sourceTree = "<group>"; };
		75D031022B42FAD1002871BA /* TryProViewController.swift */ = {isa = PBXFileReference; lastKnownFileType = sourcecode.swift; path = TryProViewController.swift; sourceTree = "<group>"; };
		75D031042B43052B002871BA /* ProfileViewController.swift */ = {isa = PBXFileReference; lastKnownFileType = sourcecode.swift; path = ProfileViewController.swift; sourceTree = "<group>"; };
		75D9CB042B616BF600C2829C /* ARDrawing+CoreDataClass.swift */ = {isa = PBXFileReference; lastKnownFileType = sourcecode.swift; path = "ARDrawing+CoreDataClass.swift"; sourceTree = "<group>"; };
		75D9CB052B616BF600C2829C /* ARDrawing+CoreDataProperties.swift */ = {isa = PBXFileReference; lastKnownFileType = sourcecode.swift; path = "ARDrawing+CoreDataProperties.swift"; sourceTree = "<group>"; };
		75E201A92B3F173400C4B98D /* ViewControllerVideo.swift */ = {isa = PBXFileReference; lastKnownFileType = sourcecode.swift; path = ViewControllerVideo.swift; sourceTree = "<group>"; };
		75E39C042B3ACFFC00E03EBB /* ContinueViewController.swift */ = {isa = PBXFileReference; lastKnownFileType = sourcecode.swift; path = ContinueViewController.swift; sourceTree = "<group>"; };
		75E39C062B3B115200E03EBB /* ButtonFont.swift */ = {isa = PBXFileReference; lastKnownFileType = sourcecode.swift; path = ButtonFont.swift; sourceTree = "<group>"; };
		75EC17092B4EE54C0077BA4F /* CustomCamereViewController.swift */ = {isa = PBXFileReference; lastKnownFileType = sourcecode.swift; path = CustomCamereViewController.swift; sourceTree = "<group>"; };
		75EF55A02B40917E00436782 /* TextViewController.swift */ = {isa = PBXFileReference; lastKnownFileType = sourcecode.swift; path = TextViewController.swift; sourceTree = "<group>"; };
/* End PBXFileReference section */

/* Begin PBXFrameworksBuildPhase section */
		759531C62B2CABB700CD53CD /* Frameworks */ = {
			isa = PBXFrameworksBuildPhase;
			buildActionMask = 2147483647;
			files = (
			);
			runOnlyForDeploymentPostprocessing = 0;
		};
		759531DC2B2CABB900CD53CD /* Frameworks */ = {
			isa = PBXFrameworksBuildPhase;
			buildActionMask = 2147483647;
			files = (
			);
			runOnlyForDeploymentPostprocessing = 0;
		};
		759531E62B2CABB900CD53CD /* Frameworks */ = {
			isa = PBXFrameworksBuildPhase;
			buildActionMask = 2147483647;
			files = (
			);
			runOnlyForDeploymentPostprocessing = 0;
		};
/* End PBXFrameworksBuildPhase section */

/* Begin PBXGroup section */
		759531C02B2CABB700CD53CD = {
			isa = PBXGroup;
			children = (
				759531CB2B2CABB700CD53CD /* ARDrawingProject */,
				759531E22B2CABB900CD53CD /* ARDrawingProjectTests */,
				759531EC2B2CABB900CD53CD /* ARDrawingProjectUITests */,
				759531CA2B2CABB700CD53CD /* Products */,
			);
			sourceTree = "<group>";
		};
		759531CA2B2CABB700CD53CD /* Products */ = {
			isa = PBXGroup;
			children = (
				759531C92B2CABB700CD53CD /* ARDrawingProject.app */,
				759531DF2B2CABB900CD53CD /* ARDrawingProjectTests.xctest */,
				759531E92B2CABB900CD53CD /* ARDrawingProjectUITests.xctest */,
			);
			name = Products;
			sourceTree = "<group>";
		};
		759531CB2B2CABB700CD53CD /* ARDrawingProject */ = {
			isa = PBXGroup;
			children = (
				759531CC2B2CABB700CD53CD /* AppDelegate.swift */,
				759531CE2B2CABB700CD53CD /* SceneDelegate.swift */,
				759531D22B2CABB700CD53CD /* Main.storyboard */,
				755EC51E2B600CBE00CB0AB3 /* ARModel.xcdatamodeld */,
				75D9CB042B616BF600C2829C /* ARDrawing+CoreDataClass.swift */,
				75D9CB052B616BF600C2829C /* ARDrawing+CoreDataProperties.swift */,
				755EC51C2B60001A00CB0AB3 /* FavoriteARDrawing.swift */,
				75BB00092B5EC6340056CC64 /* CustomTabViewController.swift */,
				754134C32B5592230041645D /* FavoritCollectionViewCell.swift */,
				754134C12B5578620041645D /* FavoritedViewController.swift */,
				7558988F2B568FD00093EB69 /* UserDefaultData.swift */,
				75EC17092B4EE54C0077BA4F /* CustomCamereViewController.swift */,
				7571C8622B459B6B004579FB /* ViewAllCollectionViewCell.swift */,
				7571C8602B4571B1004579FB /* VIEWViewController.swift */,
				75AC3CD62B444AB300EF5FB0 /* ViewAllViewController.swift */,
				75D031062B43099D002871BA /* ProfileViewController */,
				75D031072B4309B9002871BA /* TryProViewController */,
				75D031012B42DFFF002871BA /* TextViewController */,
				75E201A52B3F16F400C4B98D /* CameraViewController */,
				75E201A62B3F170F00C4B98D /* ImageViewController */,
				75E201AB2B3F188C00C4B98D /* SelectImageViewController */,
				75E201A42B3F16BE00C4B98D /* DashBoardViewController */,
				75AFDEFA2B3C154500B3D656 /* Classes */,
				75AFDEF92B3C151200B3D656 /* StoryBoard */,
				759531D52B2CABB900CD53CD /* Assets.xcassets */,
				759531D72B2CABB900CD53CD /* LaunchScreen.storyboard */,
				759531DA2B2CABB900CD53CD /* Info.plist */,
			);
			path = ARDrawingProject;
			sourceTree = "<group>";
		};
		759531E22B2CABB900CD53CD /* ARDrawingProjectTests */ = {
			isa = PBXGroup;
			children = (
				759531E32B2CABB900CD53CD /* ARDrawingProjectTests.swift */,
			);
			path = ARDrawingProjectTests;
			sourceTree = "<group>";
		};
		759531EC2B2CABB900CD53CD /* ARDrawingProjectUITests */ = {
			isa = PBXGroup;
			children = (
				759531ED2B2CABB900CD53CD /* ARDrawingProjectUITests.swift */,
				759531EF2B2CABB900CD53CD /* ARDrawingProjectUITestsLaunchTests.swift */,
			);
			path = ARDrawingProjectUITests;
			sourceTree = "<group>";
		};
		75AFDEF92B3C151200B3D656 /* StoryBoard */ = {
			isa = PBXGroup;
			children = (
				75B0468D2B334200004611DE /* TestStoryBoard.storyboard */,
				759531FC2B2CAC8100CD53CD /* DashBoard.storyboard */,
				75B718FE2B35C9FF005B4C17 /* IMagesSelect.storyboard */,
				756314E22B34992D0099BF10 /* LessonUI.storyboard */,
				75B718FA2B35B397005B4C17 /* SelectImage.storyboard */,
			);
			path = StoryBoard;
			sourceTree = "<group>";
		};
		75AFDEFA2B3C154500B3D656 /* Classes */ = {
			isa = PBXGroup;
			children = (
				75E39C062B3B115200E03EBB /* ButtonFont.swift */,
				756DB13C2B3ABA8E0098627B /* LessonTabelViewController.swift */,
				758392022B3A07D10029B8BE /* CustomTableViewCell.swift */,
				75E39C042B3ACFFC00E03EBB /* ContinueViewController.swift */,
			);
			path = Classes;
			sourceTree = "<group>";
		};
		75D031012B42DFFF002871BA /* TextViewController */ = {
			isa = PBXGroup;
			children = (
				75EF55A02B40917E00436782 /* TextViewController.swift */,
				75D030FF2B42973C002871BA /* TextLabel.swift */,
				75D030FD2B429131002871BA /* TextViewCollectionViewCell.swift */,
			);
			path = TextViewController;
			sourceTree = "<group>";
		};
		75D031062B43099D002871BA /* ProfileViewController */ = {
			isa = PBXGroup;
			children = (
				75D031042B43052B002871BA /* ProfileViewController.swift */,
			);
			path = ProfileViewController;
			sourceTree = "<group>";
		};
		75D031072B4309B9002871BA /* TryProViewController */ = {
			isa = PBXGroup;
			children = (
				75D031022B42FAD1002871BA /* TryProViewController.swift */,
			);
			path = TryProViewController;
			sourceTree = "<group>";
		};
		75E201A42B3F16BE00C4B98D /* DashBoardViewController */ = {
			isa = PBXGroup;
			children = (
				759531D02B2CABB700CD53CD /* ViewController.swift */,
				759531FE2B2CACD600CD53CD /* DashBoardViewController.swift */,
			);
			path = DashBoardViewController;
			sourceTree = "<group>";
		};
		75E201A52B3F16F400C4B98D /* CameraViewController */ = {
			isa = PBXGroup;
			children = (
				757A31242B3DA65400CAD70E /* VideoViewController.swift */,
				75E201A92B3F173400C4B98D /* ViewControllerVideo.swift */,
				757A31282B3DBD6900CAD70E /* CameraViewController.swift */,
			);
			path = CameraViewController;
			sourceTree = "<group>";
		};
		75E201A62B3F170F00C4B98D /* ImageViewController */ = {
			isa = PBXGroup;
			children = (
				757A31202B3D576A00CAD70E /* ImageModels.swift */,
				757A311E2B3D557800CAD70E /* ImageViewController.swift */,
				757A311A2B3D53A100CAD70E /* ViewImageHome.swift */,
				757A31182B3D530000CAD70E /* MyCollectionViewCell.swift */,
				757A311C2B3D542B00CAD70E /* MyCollectionViewCell2.swift */,
				757A31222B3D57EC00CAD70E /* ImageData.swift */,
			);
			path = ImageViewController;
			sourceTree = "<group>";
		};
		75E201AB2B3F188C00C4B98D /* SelectImageViewController */ = {
			isa = PBXGroup;
			children = (
				75AFDEFB2B3C23DA00B3D656 /* SelectImageViewController.swift */,
				750D2BD22B35CC4A00A88D81 /* IMagesSelectViewController.swift */,
				75AFDEF72B3C00E000B3D656 /* ImageCollectionViewCell.swift */,
				75AFDEFF2B3C327000B3D656 /* SelectCollectionViewCell.swift */,
			);
			path = SelectImageViewController;
			sourceTree = "<group>";
		};
/* End PBXGroup section */

/* Begin PBXNativeTarget section */
		759531C82B2CABB700CD53CD /* ARDrawingProject */ = {
			isa = PBXNativeTarget;
			buildConfigurationList = 759531F32B2CABB900CD53CD /* Build configuration list for PBXNativeTarget "ARDrawingProject" */;
			buildPhases = (
				759531C52B2CABB700CD53CD /* Sources */,
				759531C62B2CABB700CD53CD /* Frameworks */,
				759531C72B2CABB700CD53CD /* Resources */,
			);
			buildRules = (
			);
			dependencies = (
			);
			name = ARDrawingProject;
			productName = ARDrawingProject;
			productReference = 759531C92B2CABB700CD53CD /* ARDrawingProject.app */;
			productType = "com.apple.product-type.application";
		};
		759531DE2B2CABB900CD53CD /* ARDrawingProjectTests */ = {
			isa = PBXNativeTarget;
			buildConfigurationList = 759531F62B2CABB900CD53CD /* Build configuration list for PBXNativeTarget "ARDrawingProjectTests" */;
			buildPhases = (
				759531DB2B2CABB900CD53CD /* Sources */,
				759531DC2B2CABB900CD53CD /* Frameworks */,
				759531DD2B2CABB900CD53CD /* Resources */,
			);
			buildRules = (
			);
			dependencies = (
				759531E12B2CABB900CD53CD /* PBXTargetDependency */,
			);
			name = ARDrawingProjectTests;
			productName = ARDrawingProjectTests;
			productReference = 759531DF2B2CABB900CD53CD /* ARDrawingProjectTests.xctest */;
			productType = "com.apple.product-type.bundle.unit-test";
		};
		759531E82B2CABB900CD53CD /* ARDrawingProjectUITests */ = {
			isa = PBXNativeTarget;
			buildConfigurationList = 759531F92B2CABB900CD53CD /* Build configuration list for PBXNativeTarget "ARDrawingProjectUITests" */;
			buildPhases = (
				759531E52B2CABB900CD53CD /* Sources */,
				759531E62B2CABB900CD53CD /* Frameworks */,
				759531E72B2CABB900CD53CD /* Resources */,
			);
			buildRules = (
			);
			dependencies = (
				759531EB2B2CABB900CD53CD /* PBXTargetDependency */,
			);
			name = ARDrawingProjectUITests;
			productName = ARDrawingProjectUITests;
			productReference = 759531E92B2CABB900CD53CD /* ARDrawingProjectUITests.xctest */;
			productType = "com.apple.product-type.bundle.ui-testing";
		};
/* End PBXNativeTarget section */

/* Begin PBXProject section */
		759531C12B2CABB700CD53CD /* Project object */ = {
			isa = PBXProject;
			attributes = {
				BuildIndependentTargetsInParallel = 1;
				LastSwiftUpdateCheck = 1500;
				LastUpgradeCheck = 1500;
				TargetAttributes = {
					759531C82B2CABB700CD53CD = {
						CreatedOnToolsVersion = 15.0.1;
					};
					759531DE2B2CABB900CD53CD = {
						CreatedOnToolsVersion = 15.0.1;
						TestTargetID = 759531C82B2CABB700CD53CD;
					};
					759531E82B2CABB900CD53CD = {
						CreatedOnToolsVersion = 15.0.1;
						TestTargetID = 759531C82B2CABB700CD53CD;
					};
				};
			};
			buildConfigurationList = 759531C42B2CABB700CD53CD /* Build configuration list for PBXProject "ARDrawingProject" */;
			compatibilityVersion = "Xcode 14.0";
			developmentRegion = en;
			hasScannedForEncodings = 0;
			knownRegions = (
				en,
				Base,
			);
			mainGroup = 759531C02B2CABB700CD53CD;
			productRefGroup = 759531CA2B2CABB700CD53CD /* Products */;
			projectDirPath = "";
			projectRoot = "";
			targets = (
				759531C82B2CABB700CD53CD /* ARDrawingProject */,
				759531DE2B2CABB900CD53CD /* ARDrawingProjectTests */,
				759531E82B2CABB900CD53CD /* ARDrawingProjectUITests */,
			);
		};
/* End PBXProject section */

/* Begin PBXResourcesBuildPhase section */
		759531C72B2CABB700CD53CD /* Resources */ = {
			isa = PBXResourcesBuildPhase;
			buildActionMask = 2147483647;
			files = (
				75B718FF2B35C9FF005B4C17 /* IMagesSelect.storyboard in Resources */,
				759531D92B2CABB900CD53CD /* LaunchScreen.storyboard in Resources */,
				759531D62B2CABB900CD53CD /* Assets.xcassets in Resources */,
				75B0468E2B334200004611DE /* TestStoryBoard.storyboard in Resources */,
				75B718FB2B35B397005B4C17 /* SelectImage.storyboard in Resources */,
				756314E32B34992D0099BF10 /* LessonUI.storyboard in Resources */,
				759531D42B2CABB700CD53CD /* Main.storyboard in Resources */,
				759531FD2B2CAC8100CD53CD /* DashBoard.storyboard in Resources */,
			);
			runOnlyForDeploymentPostprocessing = 0;
		};
		759531DD2B2CABB900CD53CD /* Resources */ = {
			isa = PBXResourcesBuildPhase;
			buildActionMask = 2147483647;
			files = (
			);
			runOnlyForDeploymentPostprocessing = 0;
		};
		759531E72B2CABB900CD53CD /* Resources */ = {
			isa = PBXResourcesBuildPhase;
			buildActionMask = 2147483647;
			files = (
			);
			runOnlyForDeploymentPostprocessing = 0;
		};
/* End PBXResourcesBuildPhase section */

/* Begin PBXSourcesBuildPhase section */
		759531C52B2CABB700CD53CD /* Sources */ = {
			isa = PBXSourcesBuildPhase;
			buildActionMask = 2147483647;
			files = (
				75D031032B42FAD1002871BA /* TryProViewController.swift in Sources */,
				75AC3CD72B444AB300EF5FB0 /* ViewAllViewController.swift in Sources */,
				759531D12B2CABB700CD53CD /* ViewController.swift in Sources */,
				75AFDEFC2B3C23DA00B3D656 /* SelectImageViewController.swift in Sources */,
				755898902B568FD00093EB69 /* UserDefaultData.swift in Sources */,
				756DB13D2B3ABA8E0098627B /* LessonTabelViewController.swift in Sources */,
				750D2BD32B35CC4A00A88D81 /* IMagesSelectViewController.swift in Sources */,
				75E39C052B3ACFFC00E03EBB /* ContinueViewController.swift in Sources */,
				7571C8632B459B6B004579FB /* ViewAllCollectionViewCell.swift in Sources */,
				755EC51D2B60001A00CB0AB3 /* FavoriteARDrawing.swift in Sources */,
				754134C22B5578620041645D /* FavoritedViewController.swift in Sources */,
				757A31252B3DA65400CAD70E /* VideoViewController.swift in Sources */,
				757A31232B3D57EC00CAD70E /* ImageData.swift in Sources */,
				7571C8612B4571B1004579FB /* VIEWViewController.swift in Sources */,
				757A311D2B3D542B00CAD70E /* MyCollectionViewCell2.swift in Sources */,
				75D9CB072B616BF600C2829C /* ARDrawing+CoreDataProperties.swift in Sources */,
				75E201AA2B3F173400C4B98D /* ViewControllerVideo.swift in Sources */,
				75D031052B43052B002871BA /* ProfileViewController.swift in Sources */,
				75D9CB062B616BF600C2829C /* ARDrawing+CoreDataClass.swift in Sources */,
				757A311F2B3D557800CAD70E /* ImageViewController.swift in Sources */,
				758392032B3A07D10029B8BE /* CustomTableViewCell.swift in Sources */,
				75EF55A12B40917E00436782 /* TextViewController.swift in Sources */,
				755EC5202B600CBE00CB0AB3 /* ARModel.xcdatamodeld in Sources */,
				757A31292B3DBD6900CAD70E /* CameraViewController.swift in Sources */,
				75D030FE2B429131002871BA /* TextViewCollectionViewCell.swift in Sources */,
				75E39C072B3B115200E03EBB /* ButtonFont.swift in Sources */,
				75D031002B42973C002871BA /* TextLabel.swift in Sources */,
				75AFDEF82B3C00E000B3D656 /* ImageCollectionViewCell.swift in Sources */,
				75AFDF002B3C327000B3D656 /* SelectCollectionViewCell.swift in Sources */,
				757A311B2B3D53A100CAD70E /* ViewImageHome.swift in Sources */,
				759531CD2B2CABB700CD53CD /* AppDelegate.swift in Sources */,
				759531CF2B2CABB700CD53CD /* SceneDelegate.swift in Sources */,
				757A31212B3D576A00CAD70E /* ImageModels.swift in Sources */,
				75BB000A2B5EC6340056CC64 /* CustomTabViewController.swift in Sources */,
				754134C42B5592230041645D /* FavoritCollectionViewCell.swift in Sources */,
				757A31192B3D530000CAD70E /* MyCollectionViewCell.swift in Sources */,
				75EC170A2B4EE54C0077BA4F /* CustomCamereViewController.swift in Sources */,
				759531FF2B2CACD600CD53CD /* DashBoardViewController.swift in Sources */,
			);
			runOnlyForDeploymentPostprocessing = 0;
		};
		759531DB2B2CABB900CD53CD /* Sources */ = {
			isa = PBXSourcesBuildPhase;
			buildActionMask = 2147483647;
			files = (
				759531E42B2CABB900CD53CD /* ARDrawingProjectTests.swift in Sources */,
			);
			runOnlyForDeploymentPostprocessing = 0;
		};
		759531E52B2CABB900CD53CD /* Sources */ = {
			isa = PBXSourcesBuildPhase;
			buildActionMask = 2147483647;
			files = (
				759531F02B2CABB900CD53CD /* ARDrawingProjectUITestsLaunchTests.swift in Sources */,
				759531EE2B2CABB900CD53CD /* ARDrawingProjectUITests.swift in Sources */,
			);
			runOnlyForDeploymentPostprocessing = 0;
		};
/* End PBXSourcesBuildPhase section */

/* Begin PBXTargetDependency section */
		759531E12B2CABB900CD53CD /* PBXTargetDependency */ = {
			isa = PBXTargetDependency;
			target = 759531C82B2CABB700CD53CD /* ARDrawingProject */;
			targetProxy = 759531E02B2CABB900CD53CD /* PBXContainerItemProxy */;
		};
		759531EB2B2CABB900CD53CD /* PBXTargetDependency */ = {
			isa = PBXTargetDependency;
			target = 759531C82B2CABB700CD53CD /* ARDrawingProject */;
			targetProxy = 759531EA2B2CABB900CD53CD /* PBXContainerItemProxy */;
		};
/* End PBXTargetDependency section */

/* Begin PBXVariantGroup section */
		759531D22B2CABB700CD53CD /* Main.storyboard */ = {
			isa = PBXVariantGroup;
			children = (
				759531D32B2CABB700CD53CD /* Base */,
			);
			name = Main.storyboard;
			sourceTree = "<group>";
		};
		759531D72B2CABB900CD53CD /* LaunchScreen.storyboard */ = {
			isa = PBXVariantGroup;
			children = (
				759531D82B2CABB900CD53CD /* Base */,
			);
			name = LaunchScreen.storyboard;
			sourceTree = "<group>";
		};
/* End PBXVariantGroup section */

/* Begin XCBuildConfiguration section */
		759531F12B2CABB900CD53CD /* Debug */ = {
			isa = XCBuildConfiguration;
			buildSettings = {
				ALWAYS_SEARCH_USER_PATHS = NO;
				ASSETCATALOG_COMPILER_GENERATE_SWIFT_ASSET_SYMBOL_EXTENSIONS = YES;
				CLANG_ANALYZER_NONNULL = YES;
				CLANG_ANALYZER_NUMBER_OBJECT_CONVERSION = YES_AGGRESSIVE;
				CLANG_CXX_LANGUAGE_STANDARD = "gnu++20";
				CLANG_ENABLE_MODULES = YES;
				CLANG_ENABLE_OBJC_ARC = YES;
				CLANG_ENABLE_OBJC_WEAK = YES;
				CLANG_WARN_BLOCK_CAPTURE_AUTORELEASING = YES;
				CLANG_WARN_BOOL_CONVERSION = YES;
				CLANG_WARN_COMMA = YES;
				CLANG_WARN_CONSTANT_CONVERSION = YES;
				CLANG_WARN_DEPRECATED_OBJC_IMPLEMENTATIONS = YES;
				CLANG_WARN_DIRECT_OBJC_ISA_USAGE = YES_ERROR;
				CLANG_WARN_DOCUMENTATION_COMMENTS = YES;
				CLANG_WARN_EMPTY_BODY = YES;
				CLANG_WARN_ENUM_CONVERSION = YES;
				CLANG_WARN_INFINITE_RECURSION = YES;
				CLANG_WARN_INT_CONVERSION = YES;
				CLANG_WARN_NON_LITERAL_NULL_CONVERSION = YES;
				CLANG_WARN_OBJC_IMPLICIT_RETAIN_SELF = YES;
				CLANG_WARN_OBJC_LITERAL_CONVERSION = YES;
				CLANG_WARN_OBJC_ROOT_CLASS = YES_ERROR;
				CLANG_WARN_QUOTED_INCLUDE_IN_FRAMEWORK_HEADER = YES;
				CLANG_WARN_RANGE_LOOP_ANALYSIS = YES;
				CLANG_WARN_STRICT_PROTOTYPES = YES;
				CLANG_WARN_SUSPICIOUS_MOVE = YES;
				CLANG_WARN_UNGUARDED_AVAILABILITY = YES_AGGRESSIVE;
				CLANG_WARN_UNREACHABLE_CODE = YES;
				CLANG_WARN__DUPLICATE_METHOD_MATCH = YES;
				COPY_PHASE_STRIP = NO;
				DEBUG_INFORMATION_FORMAT = dwarf;
				ENABLE_STRICT_OBJC_MSGSEND = YES;
				ENABLE_TESTABILITY = YES;
				ENABLE_USER_SCRIPT_SANDBOXING = YES;
				GCC_C_LANGUAGE_STANDARD = gnu17;
				GCC_DYNAMIC_NO_PIC = NO;
				GCC_NO_COMMON_BLOCKS = YES;
				GCC_OPTIMIZATION_LEVEL = 0;
				GCC_PREPROCESSOR_DEFINITIONS = (
					"DEBUG=1",
					"$(inherited)",
				);
				GCC_WARN_64_TO_32_BIT_CONVERSION = YES;
				GCC_WARN_ABOUT_RETURN_TYPE = YES_ERROR;
				GCC_WARN_UNDECLARED_SELECTOR = YES;
				GCC_WARN_UNINITIALIZED_AUTOS = YES_AGGRESSIVE;
				GCC_WARN_UNUSED_FUNCTION = YES;
				GCC_WARN_UNUSED_VARIABLE = YES;
				IPHONEOS_DEPLOYMENT_TARGET = 17.0;
				LOCALIZATION_PREFERS_STRING_CATALOGS = YES;
				MTL_ENABLE_DEBUG_INFO = INCLUDE_SOURCE;
				MTL_FAST_MATH = YES;
				ONLY_ACTIVE_ARCH = YES;
				SDKROOT = iphoneos;
				SWIFT_ACTIVE_COMPILATION_CONDITIONS = "DEBUG $(inherited)";
				SWIFT_OPTIMIZATION_LEVEL = "-Onone";
			};
			name = Debug;
		};
		759531F22B2CABB900CD53CD /* Release */ = {
			isa = XCBuildConfiguration;
			buildSettings = {
				ALWAYS_SEARCH_USER_PATHS = NO;
				ASSETCATALOG_COMPILER_GENERATE_SWIFT_ASSET_SYMBOL_EXTENSIONS = YES;
				CLANG_ANALYZER_NONNULL = YES;
				CLANG_ANALYZER_NUMBER_OBJECT_CONVERSION = YES_AGGRESSIVE;
				CLANG_CXX_LANGUAGE_STANDARD = "gnu++20";
				CLANG_ENABLE_MODULES = YES;
				CLANG_ENABLE_OBJC_ARC = YES;
				CLANG_ENABLE_OBJC_WEAK = YES;
				CLANG_WARN_BLOCK_CAPTURE_AUTORELEASING = YES;
				CLANG_WARN_BOOL_CONVERSION = YES;
				CLANG_WARN_COMMA = YES;
				CLANG_WARN_CONSTANT_CONVERSION = YES;
				CLANG_WARN_DEPRECATED_OBJC_IMPLEMENTATIONS = YES;
				CLANG_WARN_DIRECT_OBJC_ISA_USAGE = YES_ERROR;
				CLANG_WARN_DOCUMENTATION_COMMENTS = YES;
				CLANG_WARN_EMPTY_BODY = YES;
				CLANG_WARN_ENUM_CONVERSION = YES;
				CLANG_WARN_INFINITE_RECURSION = YES;
				CLANG_WARN_INT_CONVERSION = YES;
				CLANG_WARN_NON_LITERAL_NULL_CONVERSION = YES;
				CLANG_WARN_OBJC_IMPLICIT_RETAIN_SELF = YES;
				CLANG_WARN_OBJC_LITERAL_CONVERSION = YES;
				CLANG_WARN_OBJC_ROOT_CLASS = YES_ERROR;
				CLANG_WARN_QUOTED_INCLUDE_IN_FRAMEWORK_HEADER = YES;
				CLANG_WARN_RANGE_LOOP_ANALYSIS = YES;
				CLANG_WARN_STRICT_PROTOTYPES = YES;
				CLANG_WARN_SUSPICIOUS_MOVE = YES;
				CLANG_WARN_UNGUARDED_AVAILABILITY = YES_AGGRESSIVE;
				CLANG_WARN_UNREACHABLE_CODE = YES;
				CLANG_WARN__DUPLICATE_METHOD_MATCH = YES;
				COPY_PHASE_STRIP = NO;
				DEBUG_INFORMATION_FORMAT = "dwarf-with-dsym";
				ENABLE_NS_ASSERTIONS = NO;
				ENABLE_STRICT_OBJC_MSGSEND = YES;
				ENABLE_USER_SCRIPT_SANDBOXING = YES;
				GCC_C_LANGUAGE_STANDARD = gnu17;
				GCC_NO_COMMON_BLOCKS = YES;
				GCC_WARN_64_TO_32_BIT_CONVERSION = YES;
				GCC_WARN_ABOUT_RETURN_TYPE = YES_ERROR;
				GCC_WARN_UNDECLARED_SELECTOR = YES;
				GCC_WARN_UNINITIALIZED_AUTOS = YES_AGGRESSIVE;
				GCC_WARN_UNUSED_FUNCTION = YES;
				GCC_WARN_UNUSED_VARIABLE = YES;
				IPHONEOS_DEPLOYMENT_TARGET = 17.0;
				LOCALIZATION_PREFERS_STRING_CATALOGS = YES;
				MTL_ENABLE_DEBUG_INFO = NO;
				MTL_FAST_MATH = YES;
				SDKROOT = iphoneos;
				SWIFT_COMPILATION_MODE = wholemodule;
				VALIDATE_PRODUCT = YES;
			};
			name = Release;
		};
		759531F42B2CABB900CD53CD /* Debug */ = {
			isa = XCBuildConfiguration;
			buildSettings = {
				ASSETCATALOG_COMPILER_APPICON_NAME = AppIcon;
				ASSETCATALOG_COMPILER_GLOBAL_ACCENT_COLOR_NAME = AccentColor;
				CODE_SIGN_STYLE = Automatic;
				CURRENT_PROJECT_VERSION = 11;
				DEVELOPMENT_TEAM = MFCL5NRH9V;
				GENERATE_INFOPLIST_FILE = YES;
				INFOPLIST_FILE = ARDrawingProject/Info.plist;
				INFOPLIST_KEY_NSCameraUsageDescription = "Please allow to take a picture ";
				INFOPLIST_KEY_UIApplicationSupportsIndirectInputEvents = YES;
				INFOPLIST_KEY_UILaunchStoryboardName = LaunchScreen;
				INFOPLIST_KEY_UIMainStoryboardFile = Main;
				INFOPLIST_KEY_UIStatusBarStyle = "";
				INFOPLIST_KEY_UISupportedInterfaceOrientations_iPad = "UIInterfaceOrientationPortrait UIInterfaceOrientationPortraitUpsideDown UIInterfaceOrientationLandscapeLeft UIInterfaceOrientationLandscapeRight";
				INFOPLIST_KEY_UISupportedInterfaceOrientations_iPhone = "UIInterfaceOrientationPortrait UIInterfaceOrientationLandscapeLeft UIInterfaceOrientationLandscapeRight";
				IPHONEOS_DEPLOYMENT_TARGET = 13.0;
				LD_RUNPATH_SEARCH_PATHS = (
					"$(inherited)",
					"@executable_path/Frameworks",
				);
				MARKETING_VERSION = 1.0;
				PRODUCT_BUNDLE_IDENTIFIER = com.gameview.ARDrawing;
				PRODUCT_NAME = "$(TARGET_NAME)";
				SWIFT_EMIT_LOC_STRINGS = YES;
				SWIFT_VERSION = 5.0;
				TARGETED_DEVICE_FAMILY = "1,2";
			};
			name = Debug;
		};
		759531F52B2CABB900CD53CD /* Release */ = {
			isa = XCBuildConfiguration;
			buildSettings = {
				ASSETCATALOG_COMPILER_APPICON_NAME = AppIcon;
				ASSETCATALOG_COMPILER_GLOBAL_ACCENT_COLOR_NAME = AccentColor;
				CODE_SIGN_STYLE = Automatic;
				CURRENT_PROJECT_VERSION = 11;
				DEVELOPMENT_TEAM = MFCL5NRH9V;
				GENERATE_INFOPLIST_FILE = YES;
				INFOPLIST_FILE = ARDrawingProject/Info.plist;
				INFOPLIST_KEY_NSCameraUsageDescription = "Please allow to take a picture ";
				INFOPLIST_KEY_UIApplicationSupportsIndirectInputEvents = YES;
				INFOPLIST_KEY_UILaunchStoryboardName = LaunchScreen;
				INFOPLIST_KEY_UIMainStoryboardFile = Main;
				INFOPLIST_KEY_UIStatusBarStyle = "";
				INFOPLIST_KEY_UISupportedInterfaceOrientations_iPad = "UIInterfaceOrientationPortrait UIInterfaceOrientationPortraitUpsideDown UIInterfaceOrientationLandscapeLeft UIInterfaceOrientationLandscapeRight";
				INFOPLIST_KEY_UISupportedInterfaceOrientations_iPhone = "UIInterfaceOrientationPortrait UIInterfaceOrientationLandscapeLeft UIInterfaceOrientationLandscapeRight";
				IPHONEOS_DEPLOYMENT_TARGET = 13.0;
				LD_RUNPATH_SEARCH_PATHS = (
					"$(inherited)",
					"@executable_path/Frameworks",
				);
				MARKETING_VERSION = 1.0;
				PRODUCT_BUNDLE_IDENTIFIER = com.gameview.ARDrawing;
				PRODUCT_NAME = "$(TARGET_NAME)";
				SWIFT_EMIT_LOC_STRINGS = YES;
				SWIFT_VERSION = 5.0;
				TARGETED_DEVICE_FAMILY = "1,2";
			};
			name = Release;
		};
		759531F72B2CABB900CD53CD /* Debug */ = {
			isa = XCBuildConfiguration;
			buildSettings = {
				ALWAYS_EMBED_SWIFT_STANDARD_LIBRARIES = YES;
				BUNDLE_LOADER = "$(TEST_HOST)";
				CODE_SIGN_STYLE = Automatic;
				CURRENT_PROJECT_VERSION = 1;
				DEVELOPMENT_TEAM = QWYZYC5KB7;
				GENERATE_INFOPLIST_FILE = YES;
				IPHONEOS_DEPLOYMENT_TARGET = 17.0;
				MARKETING_VERSION = 1.0;
				PRODUCT_BUNDLE_IDENTIFIER = com.mraza.ARDrawingProjectTests;
				PRODUCT_NAME = "$(TARGET_NAME)";
				SWIFT_EMIT_LOC_STRINGS = NO;
				SWIFT_VERSION = 5.0;
				TARGETED_DEVICE_FAMILY = "1,2";
				TEST_HOST = "$(BUILT_PRODUCTS_DIR)/ARDrawingProject.app/$(BUNDLE_EXECUTABLE_FOLDER_PATH)/ARDrawingProject";
			};
			name = Debug;
		};
		759531F82B2CABB900CD53CD /* Release */ = {
			isa = XCBuildConfiguration;
			buildSettings = {
				ALWAYS_EMBED_SWIFT_STANDARD_LIBRARIES = YES;
				BUNDLE_LOADER = "$(TEST_HOST)";
				CODE_SIGN_STYLE = Automatic;
				CURRENT_PROJECT_VERSION = 1;
				DEVELOPMENT_TEAM = QWYZYC5KB7;
				GENERATE_INFOPLIST_FILE = YES;
				IPHONEOS_DEPLOYMENT_TARGET = 17.0;
				MARKETING_VERSION = 1.0;
				PRODUCT_BUNDLE_IDENTIFIER = com.mraza.ARDrawingProjectTests;
				PRODUCT_NAME = "$(TARGET_NAME)";
				SWIFT_EMIT_LOC_STRINGS = NO;
				SWIFT_VERSION = 5.0;
				TARGETED_DEVICE_FAMILY = "1,2";
				TEST_HOST = "$(BUILT_PRODUCTS_DIR)/ARDrawingProject.app/$(BUNDLE_EXECUTABLE_FOLDER_PATH)/ARDrawingProject";
			};
			name = Release;
		};
		759531FA2B2CABB900CD53CD /* Debug */ = {
			isa = XCBuildConfiguration;
			buildSettings = {
				ALWAYS_EMBED_SWIFT_STANDARD_LIBRARIES = YES;
				CODE_SIGN_STYLE = Automatic;
				CURRENT_PROJECT_VERSION = 1;
				DEVELOPMENT_TEAM = QWYZYC5KB7;
				GENERATE_INFOPLIST_FILE = YES;
				MARKETING_VERSION = 1.0;
				PRODUCT_BUNDLE_IDENTIFIER = com.mraza.ARDrawingProjectUITests;
				PRODUCT_NAME = "$(TARGET_NAME)";
				SWIFT_EMIT_LOC_STRINGS = NO;
				SWIFT_VERSION = 5.0;
				TARGETED_DEVICE_FAMILY = "1,2";
				TEST_TARGET_NAME = ARDrawingProject;
			};
			name = Debug;
		};
		759531FB2B2CABB900CD53CD /* Release */ = {
			isa = XCBuildConfiguration;
			buildSettings = {
				ALWAYS_EMBED_SWIFT_STANDARD_LIBRARIES = YES;
				CODE_SIGN_STYLE = Automatic;
				CURRENT_PROJECT_VERSION = 1;
				DEVELOPMENT_TEAM = QWYZYC5KB7;
				GENERATE_INFOPLIST_FILE = YES;
				MARKETING_VERSION = 1.0;
				PRODUCT_BUNDLE_IDENTIFIER = com.mraza.ARDrawingProjectUITests;
				PRODUCT_NAME = "$(TARGET_NAME)";
				SWIFT_EMIT_LOC_STRINGS = NO;
				SWIFT_VERSION = 5.0;
				TARGETED_DEVICE_FAMILY = "1,2";
				TEST_TARGET_NAME = ARDrawingProject;
			};
			name = Release;
		};
/* End XCBuildConfiguration section */

/* Begin XCConfigurationList section */
		759531C42B2CABB700CD53CD /* Build configuration list for PBXProject "ARDrawingProject" */ = {
			isa = XCConfigurationList;
			buildConfigurations = (
				759531F12B2CABB900CD53CD /* Debug */,
				759531F22B2CABB900CD53CD /* Release */,
			);
			defaultConfigurationIsVisible = 0;
			defaultConfigurationName = Release;
		};
		759531F32B2CABB900CD53CD /* Build configuration list for PBXNativeTarget "ARDrawingProject" */ = {
			isa = XCConfigurationList;
			buildConfigurations = (
				759531F42B2CABB900CD53CD /* Debug */,
				759531F52B2CABB900CD53CD /* Release */,
			);
			defaultConfigurationIsVisible = 0;
			defaultConfigurationName = Release;
		};
		759531F62B2CABB900CD53CD /* Build configuration list for PBXNativeTarget "ARDrawingProjectTests" */ = {
			isa = XCConfigurationList;
			buildConfigurations = (
				759531F72B2CABB900CD53CD /* Debug */,
				759531F82B2CABB900CD53CD /* Release */,
			);
			defaultConfigurationIsVisible = 0;
			defaultConfigurationName = Release;
		};
		759531F92B2CABB900CD53CD /* Build configuration list for PBXNativeTarget "ARDrawingProjectUITests" */ = {
			isa = XCConfigurationList;
			buildConfigurations = (
				759531FA2B2CABB900CD53CD /* Debug */,
				759531FB2B2CABB900CD53CD /* Release */,
			);
			defaultConfigurationIsVisible = 0;
			defaultConfigurationName = Release;
		};
/* End XCConfigurationList section */

/* Begin XCVersionGroup section */
		755EC51E2B600CBE00CB0AB3 /* ARModel.xcdatamodeld */ = {
			isa = XCVersionGroup;
			children = (
				755EC51F2B600CBE00CB0AB3 /* ARModel.xcdatamodel */,
			);
			currentVersion = 755EC51F2B600CBE00CB0AB3 /* ARModel.xcdatamodel */;
			path = ARModel.xcdatamodeld;
			sourceTree = "<group>";
			versionGroupType = wrapper.xcdatamodel;
		};
/* End XCVersionGroup section */
	};
	rootObject = 759531C12B2CABB700CD53CD /* Project object */;
}
